// !$*UTF8*$!
{
	archiveVersion = 1;
	classes = {
	};
	objectVersion = 46;
	objects = {

/* Begin PBXBuildFile section */
		2CDECBBD1D2829440041A8EB /* AppDelegate.swift in Sources */ = {isa = PBXBuildFile; fileRef = 2CDECBBC1D2829440041A8EB /* AppDelegate.swift */; };
		2CDECBBF1D2829440041A8EB /* ViewController.swift in Sources */ = {isa = PBXBuildFile; fileRef = 2CDECBBE1D2829440041A8EB /* ViewController.swift */; };
		2CDECBC21D2829440041A8EB /* Main.storyboard in Resources */ = {isa = PBXBuildFile; fileRef = 2CDECBC01D2829440041A8EB /* Main.storyboard */; };
		2CDECBC41D2829440041A8EB /* Assets.xcassets in Resources */ = {isa = PBXBuildFile; fileRef = 2CDECBC31D2829440041A8EB /* Assets.xcassets */; };
		2CDECBC71D2829440041A8EB /* LaunchScreen.storyboard in Resources */ = {isa = PBXBuildFile; fileRef = 2CDECBC51D2829440041A8EB /* LaunchScreen.storyboard */; };
		2CDECBD21D2829440041A8EB /* CalculatorTests.swift in Sources */ = {isa = PBXBuildFile; fileRef = 2CDECBD11D2829440041A8EB /* CalculatorTests.swift */; };
		2CDECBDD1D2829440041A8EB /* CalculatorUITests.swift in Sources */ = {isa = PBXBuildFile; fileRef = 2CDECBDC1D2829440041A8EB /* CalculatorUITests.swift */; };
/* End PBXBuildFile section */

/* Begin PBXContainerItemProxy section */
		2CDECBCE1D2829440041A8EB /* PBXContainerItemProxy */ = {
			isa = PBXContainerItemProxy;
			containerPortal = 2CDECBB11D2829440041A8EB /* Project object */;
			proxyType = 1;
			remoteGlobalIDString = 2CDECBB81D2829440041A8EB;
			remoteInfo = Calculator;
		};
		2CDECBD91D2829440041A8EB /* PBXContainerItemProxy */ = {
			isa = PBXContainerItemProxy;
			containerPortal = 2CDECBB11D2829440041A8EB /* Project object */;
			proxyType = 1;
			remoteGlobalIDString = 2CDECBB81D2829440041A8EB;
			remoteInfo = Calculator;
		};
/* End PBXContainerItemProxy section */

/* Begin PBXFileReference section */
		2CDECBB91D2829440041A8EB /* Calculator.app */ = {isa = PBXFileReference; explicitFileType = wrapper.application; includeInIndex = 0; path = Calculator.app; sourceTree = BUILT_PRODUCTS_DIR; };
		2CDECBBC1D2829440041A8EB /* AppDelegate.swift */ = {isa = PBXFileReference; lastKnownFileType = sourcecode.swift; path = AppDelegate.swift; sourceTree = "<group>"; };
		2CDECBBE1D2829440041A8EB /* ViewController.swift */ = {isa = PBXFileReference; lastKnownFileType = sourcecode.swift; path = ViewController.swift; sourceTree = "<group>"; };
		2CDECBC11D2829440041A8EB /* Base */ = {isa = PBXFileReference; lastKnownFileType = file.storyboard; name = Base; path = Base.lproj/Main.storyboard; sourceTree = "<group>"; };
		2CDECBC31D2829440041A8EB /* Assets.xcassets */ = {isa = PBXFileReference; lastKnownFileType = folder.assetcatalog; path = Assets.xcassets; sourceTree = "<group>"; };
		2CDECBC61D2829440041A8EB /* Base */ = {isa = PBXFileReference; lastKnownFileType = file.storyboard; name = Base; path = Base.lproj/LaunchScreen.storyboard; sourceTree = "<group>"; };
		2CDECBC81D2829440041A8EB /* Info.plist */ = {isa = PBXFileReference; lastKnownFileType = text.plist.xml; path = Info.plist; sourceTree = "<group>"; };
		2CDECBCD1D2829440041A8EB /* CalculatorTests.xctest */ = {isa = PBXFileReference; explicitFileType = wrapper.cfbundle; includeInIndex = 0; path = CalculatorTests.xctest; sourceTree = BUILT_PRODUCTS_DIR; };
		2CDECBD11D2829440041A8EB /* CalculatorTests.swift */ = {isa = PBXFileReference; lastKnownFileType = sourcecode.swift; path = CalculatorTests.swift; sourceTree = "<group>"; };
		2CDECBD31D2829440041A8EB /* Info.plist */ = {isa = PBXFileReference; lastKnownFileType = text.plist.xml; path = Info.plist; sourceTree = "<group>"; };
		2CDECBD81D2829440041A8EB /* CalculatorUITests.xctest */ = {isa = PBXFileReference; explicitFileType = wrapper.cfbundle; includeInIndex = 0; path = CalculatorUITests.xctest; sourceTree = BUILT_PRODUCTS_DIR; };
		2CDECBDC1D2829440041A8EB /* CalculatorUITests.swift */ = {isa = PBXFileReference; lastKnownFileType = sourcecode.swift; path = CalculatorUITests.swift; sourceTree = "<group>"; };
		2CDECBDE1D2829440041A8EB /* Info.plist */ = {isa = PBXFileReference; lastKnownFileType = text.plist.xml; path = Info.plist; sourceTree = "<group>"; };
/* End PBXFileReference section */

/* Begin PBXFrameworksBuildPhase section */
		2CDECBB61D2829440041A8EB /* Frameworks */ = {
			isa = PBXFrameworksBuildPhase;
			buildActionMask = 2147483647;
			files = (
			);
			runOnlyForDeploymentPostprocessing = 0;
		};
		2CDECBCA1D2829440041A8EB /* Frameworks */ = {
			isa = PBXFrameworksBuildPhase;
			buildActionMask = 2147483647;
			files = (
			);
			runOnlyForDeploymentPostprocessing = 0;
		};
		2CDECBD51D2829440041A8EB /* Frameworks */ = {
			isa = PBXFrameworksBuildPhase;
			buildActionMask = 2147483647;
			files = (
			);
			runOnlyForDeploymentPostprocessing = 0;
		};
/* End PBXFrameworksBuildPhase section */

/* Begin PBXGroup section */
		2CDECBB01D2829440041A8EB = {
			isa = PBXGroup;
			children = (
				2CDECBBB1D2829440041A8EB /* Calculator */,
				2CDECBD01D2829440041A8EB /* CalculatorTests */,
				2CDECBDB1D2829440041A8EB /* CalculatorUITests */,
				2CDECBBA1D2829440041A8EB /* Products */,
			);
			sourceTree = "<group>";
		};
		2CDECBBA1D2829440041A8EB /* Products */ = {
			isa = PBXGroup;
			children = (
				2CDECBB91D2829440041A8EB /* Calculator.app */,
				2CDECBCD1D2829440041A8EB /* CalculatorTests.xctest */,
				2CDECBD81D2829440041A8EB /* CalculatorUITests.xctest */,
			);
			name = Products;
			sourceTree = "<group>";
		};
		2CDECBBB1D2829440041A8EB /* Calculator */ = {
			isa = PBXGroup;
			children = (
				2CDECBBC1D2829440041A8EB /* AppDelegate.swift */,
				2CDECBBE1D2829440041A8EB /* ViewController.swift */,
				2CDECBC01D2829440041A8EB /* Main.storyboard */,
				2CDECBC31D2829440041A8EB /* Assets.xcassets */,
				2CDECBC51D2829440041A8EB /* LaunchScreen.storyboard */,
				2CDECBC81D2829440041A8EB /* Info.plist */,
			);
			path = Calculator;
			sourceTree = "<group>";
		};
		2CDECBD01D2829440041A8EB /* CalculatorTests */ = {
			isa = PBXGroup;
			children = (
				2CDECBD11D2829440041A8EB /* CalculatorTests.swift */,
				2CDECBD31D2829440041A8EB /* Info.plist */,
			);
			path = CalculatorTests;
			sourceTree = "<group>";
		};
		2CDECBDB1D2829440041A8EB /* CalculatorUITests */ = {
			isa = PBXGroup;
			children = (
				2CDECBDC1D2829440041A8EB /* CalculatorUITests.swift */,
				2CDECBDE1D2829440041A8EB /* Info.plist */,
			);
			path = CalculatorUITests;
			sourceTree = "<group>";
		};
/* End PBXGroup section */

/* Begin PBXNativeTarget section */
		2CDECBB81D2829440041A8EB /* Calculator */ = {
			isa = PBXNativeTarget;
			buildConfigurationList = 2CDECBE11D2829440041A8EB /* Build configuration list for PBXNativeTarget "Calculator" */;
			buildPhases = (
				2CDECBB51D2829440041A8EB /* Sources */,
				2CDECBB61D2829440041A8EB /* Frameworks */,
				2CDECBB71D2829440041A8EB /* Resources */,
			);
			buildRules = (
			);
			dependencies = (
			);
			name = Calculator;
			productName = Calculator;
			productReference = 2CDECBB91D2829440041A8EB /* Calculator.app */;
			productType = "com.apple.product-type.application";
		};
		2CDECBCC1D2829440041A8EB /* CalculatorTests */ = {
			isa = PBXNativeTarget;
			buildConfigurationList = 2CDECBE41D2829440041A8EB /* Build configuration list for PBXNativeTarget "CalculatorTests" */;
			buildPhases = (
				2CDECBC91D2829440041A8EB /* Sources */,
				2CDECBCA1D2829440041A8EB /* Frameworks */,
				2CDECBCB1D2829440041A8EB /* Resources */,
			);
			buildRules = (
			);
			dependencies = (
				2CDECBCF1D2829440041A8EB /* PBXTargetDependency */,
			);
			name = CalculatorTests;
			productName = CalculatorTests;
			productReference = 2CDECBCD1D2829440041A8EB /* CalculatorTests.xctest */;
			productType = "com.apple.product-type.bundle.unit-test";
		};
		2CDECBD71D2829440041A8EB /* CalculatorUITests */ = {
			isa = PBXNativeTarget;
			buildConfigurationList = 2CDECBE71D2829440041A8EB /* Build configuration list for PBXNativeTarget "CalculatorUITests" */;
			buildPhases = (
				2CDECBD41D2829440041A8EB /* Sources */,
				2CDECBD51D2829440041A8EB /* Frameworks */,
				2CDECBD61D2829440041A8EB /* Resources */,
			);
			buildRules = (
			);
			dependencies = (
				2CDECBDA1D2829440041A8EB /* PBXTargetDependency */,
			);
			name = CalculatorUITests;
			productName = CalculatorUITests;
			productReference = 2CDECBD81D2829440041A8EB /* CalculatorUITests.xctest */;
			productType = "com.apple.product-type.bundle.ui-testing";
		};
/* End PBXNativeTarget section */

/* Begin PBXProject section */
		2CDECBB11D2829440041A8EB /* Project object */ = {
			isa = PBXProject;
			attributes = {
				LastSwiftUpdateCheck = 0730;
				LastUpgradeCheck = 0730;
				ORGANIZATIONNAME = "pankaj kumar";
				TargetAttributes = {
					2CDECBB81D2829440041A8EB = {
						CreatedOnToolsVersion = 7.3.1;
					};
					2CDECBCC1D2829440041A8EB = {
						CreatedOnToolsVersion = 7.3.1;
						TestTargetID = 2CDECBB81D2829440041A8EB;
					};
					2CDECBD71D2829440041A8EB = {
						CreatedOnToolsVersion = 7.3.1;
						TestTargetID = 2CDECBB81D2829440041A8EB;
					};
				};
			};
			buildConfigurationList = 2CDECBB41D2829440041A8EB /* Build configuration list for PBXProject "Calculator" */;
			compatibilityVersion = "Xcode 3.2";
			developmentRegion = English;
			hasScannedForEncodings = 0;
			knownRegions = (
				en,
				Base,
			);
			mainGroup = 2CDECBB01D2829440041A8EB;
			productRefGroup = 2CDECBBA1D2829440041A8EB /* Products */;
			projectDirPath = "";
			projectRoot = "";
			targets = (
				2CDECBB81D2829440041A8EB /* Calculator */,
				2CDECBCC1D2829440041A8EB /* CalculatorTests */,
				2CDECBD71D2829440041A8EB /* CalculatorUITests */,
			);
		};
/* End PBXProject section */

/* Begin PBXResourcesBuildPhase section */
		2CDECBB71D2829440041A8EB /* Resources */ = {
			isa = PBXResourcesBuildPhase;
			buildActionMask = 2147483647;
			files = (
				2CDECBC71D2829440041A8EB /* LaunchScreen.storyboard in Resources */,
				2CDECBC41D2829440041A8EB /* Assets.xcassets in Resources */,
				2CDECBC21D2829440041A8EB /* Main.storyboard in Resources */,
			);
			runOnlyForDeploymentPostprocessing = 0;
		};
		2CDECBCB1D2829440041A8EB /* Resources */ = {
			isa = PBXResourcesBuildPhase;
			buildActionMask = 2147483647;
			files = (
			);
			runOnlyForDeploymentPostprocessing = 0;
		};
		2CDECBD61D2829440041A8EB /* Resources */ = {
			isa = PBXResourcesBuildPhase;
			buildActionMask = 2147483647;
			files = (
			);
			runOnlyForDeploymentPostprocessing = 0;
		};
/* End PBXResourcesBuildPhase section */

/* Begin PBXSourcesBuildPhase section */
		2CDECBB51D2829440041A8EB /* Sources */ = {
			isa = PBXSourcesBuildPhase;
			buildActionMask = 2147483647;
			files = (
				2CDECBBF1D2829440041A8EB /* ViewController.swift in Sources */,
				2CDECBBD1D2829440041A8EB /* AppDelegate.swift in Sources */,
			);
			runOnlyForDeploymentPostprocessing = 0;
		};
		2CDECBC91D2829440041A8EB /* Sources */ = {
			isa = PBXSourcesBuildPhase;
			buildActionMask = 2147483647;
			files = (
				2CDECBD21D2829440041A8EB /* CalculatorTests.swift in Sources */,
			);
			runOnlyForDeploymentPostprocessing = 0;
		};
		2CDECBD41D2829440041A8EB /* Sources */ = {
			isa = PBXSourcesBuildPhase;
			buildActionMask = 2147483647;
			files = (
				2CDECBDD1D2829440041A8EB /* CalculatorUITests.swift in Sources */,
			);
			runOnlyForDeploymentPostprocessing = 0;
		};
/* End PBXSourcesBuildPhase section */

/* Begin PBXTargetDependency section */
		2CDECBCF1D2829440041A8EB /* PBXTargetDependency */ = {
			isa = PBXTargetDependency;
			target = 2CDECBB81D2829440041A8EB /* Calculator */;
			targetProxy = 2CDECBCE1D2829440041A8EB /* PBXContainerItemProxy */;
		};
		2CDECBDA1D2829440041A8EB /* PBXTargetDependency */ = {
			isa = PBXTargetDependency;
			target = 2CDECBB81D2829440041A8EB /* Calculator */;
			targetProxy = 2CDECBD91D2829440041A8EB /* PBXContainerItemProxy */;
		};
/* End PBXTargetDependency section */

/* Begin PBXVariantGroup section */
		2CDECBC01D2829440041A8EB /* Main.storyboard */ = {
			isa = PBXVariantGroup;
			children = (
				2CDECBC11D2829440041A8EB /* Base */,
			);
			name = Main.storyboard;
			sourceTree = "<group>";
		};
		2CDECBC51D2829440041A8EB /* LaunchScreen.storyboard */ = {
			isa = PBXVariantGroup;
			children = (
				2CDECBC61D2829440041A8EB /* Base */,
			);
			name = LaunchScreen.storyboard;
			sourceTree = "<group>";
		};
/* End PBXVariantGroup section */

/* Begin XCBuildConfiguration section */
		2CDECBDF1D2829440041A8EB /* Debug */ = {
			isa = XCBuildConfiguration;
			buildSettings = {
				ALWAYS_SEARCH_USER_PATHS = NO;
				CLANG_ANALYZER_NONNULL = YES;
				CLANG_CXX_LANGUAGE_STANDARD = "gnu++0x";
				CLANG_CXX_LIBRARY = "libc++";
				CLANG_ENABLE_MODULES = YES;
				CLANG_ENABLE_OBJC_ARC = YES;
				CLANG_WARN_BOOL_CONVERSION = YES;
				CLANG_WARN_CONSTANT_CONVERSION = YES;
				CLANG_WARN_DIRECT_OBJC_ISA_USAGE = YES_ERROR;
				CLANG_WARN_EMPTY_BODY = YES;
				CLANG_WARN_ENUM_CONVERSION = YES;
				CLANG_WARN_INT_CONVERSION = YES;
				CLANG_WARN_OBJC_ROOT_CLASS = YES_ERROR;
				CLANG_WARN_UNREACHABLE_CODE = YES;
				CLANG_WARN__DUPLICATE_METHOD_MATCH = YES;
				"CODE_SIGN_IDENTITY[sdk=iphoneos*]" = "iPhone Developer";
				COPY_PHASE_STRIP = NO;
				DEBUG_INFORMATION_FORMAT = dwarf;
				ENABLE_STRICT_OBJC_MSGSEND = YES;
				ENABLE_TESTABILITY = YES;
				GCC_C_LANGUAGE_STANDARD = gnu99;
				GCC_DYNAMIC_NO_PIC = NO;
				GCC_NO_COMMON_BLOCKS = YES;
				GCC_OPTIMIZATION_LEVEL = 0;
				GCC_PREPROCESSOR_DEFINITIONS = (
					"DEBUG=1",
					"$(inherited)",
				);
				GCC_WARN_64_TO_32_BIT_CONVERSION = YES;
				GCC_WARN_ABOUT_RETURN_TYPE = YES_ERROR;
				GCC_WARN_UNDECLARED_SELECTOR = YES;
				GCC_WARN_UNINITIALIZED_AUTOS = YES_AGGRESSIVE;
				GCC_WARN_UNUSED_FUNCTION = YES;
				GCC_WARN_UNUSED_VARIABLE = YES;
				IPHONEOS_DEPLOYMENT_TARGET = 9.3;
				MTL_ENABLE_DEBUG_INFO = YES;
				ONLY_ACTIVE_ARCH = YES;
				SDKROOT = iphoneos;
				SWIFT_OPTIMIZATION_LEVEL = "-Onone";
			};
			name = Debug;
		};
		2CDECBE01D2829440041A8EB /* Release */ = {
			isa = XCBuildConfiguration;
			buildSettings = {
				ALWAYS_SEARCH_USER_PATHS = NO;
				CLANG_ANALYZER_NONNULL = YES;
				CLANG_CXX_LANGUAGE_STANDARD = "gnu++0x";
				CLANG_CXX_LIBRARY = "libc++";
				CLANG_ENABLE_MODULES = YES;
				CLANG_ENABLE_OBJC_ARC = YES;
				CLANG_WARN_BOOL_CONVERSION = YES;
				CLANG_WARN_CONSTANT_CONVERSION = YES;
				CLANG_WARN_DIRECT_OBJC_ISA_USAGE = YES_ERROR;
				CLANG_WARN_EMPTY_BODY = YES;
				CLANG_WARN_ENUM_CONVERSION = YES;
				CLANG_WARN_INT_CONVERSION = YES;
				CLANG_WARN_OBJC_ROOT_CLASS = YES_ERROR;
				CLANG_WARN_UNREACHABLE_CODE = YES;
				CLANG_WARN__DUPLICATE_METHOD_MATCH = YES;
				"CODE_SIGN_IDENTITY[sdk=iphoneos*]" = "iPhone Developer";
				COPY_PHASE_STRIP = NO;
				DEBUG_INFORMATION_FORMAT = "dwarf-with-dsym";
				ENABLE_NS_ASSERTIONS = NO;
				ENABLE_STRICT_OBJC_MSGSEND = YES;
				GCC_C_LANGUAGE_STANDARD = gnu99;
				GCC_NO_COMMON_BLOCKS = YES;
				GCC_WARN_64_TO_32_BIT_CONVERSION = YES;
				GCC_WARN_ABOUT_RETURN_TYPE = YES_ERROR;
				GCC_WARN_UNDECLARED_SELECTOR = YES;
				GCC_WARN_UNINITIALIZED_AUTOS = YES_AGGRESSIVE;
				GCC_WARN_UNUSED_FUNCTION = YES;
				GCC_WARN_UNUSED_VARIABLE = YES;
				IPHONEOS_DEPLOYMENT_TARGET = 9.3;
				MTL_ENABLE_DEBUG_INFO = NO;
				SDKROOT = iphoneos;
				VALIDATE_PRODUCT = YES;
			};
			name = Release;
		};
		2CDECBE21D2829440041A8EB /* Debug */ = {
			isa = XCBuildConfiguration;
			buildSettings = {
				ASSETCATALOG_COMPILER_APPICON_NAME = AppIcon;
				INFOPLIST_FILE = Calculator/Info.plist;
				LD_RUNPATH_SEARCH_PATHS = "$(inherited) @executable_path/Frameworks";
				PRODUCT_BUNDLE_IDENTIFIER = com.vatshal.Calculator;
				PRODUCT_NAME = "$(TARGET_NAME)";
			};
			name = Debug;
		};
		2CDECBE31D2829440041A8EB /* Release */ = {
			isa = XCBuildConfiguration;
			buildSettings = {
				ASSETCATALOG_COMPILER_APPICON_NAME = AppIcon;
				INFOPLIST_FILE = Calculator/Info.plist;
				LD_RUNPATH_SEARCH_PATHS = "$(inherited) @executable_path/Frameworks";
				PRODUCT_BUNDLE_IDENTIFIER = com.vatshal.Calculator;
				PRODUCT_NAME = "$(TARGET_NAME)";
			};
			name = Release;
		};
		2CDECBE51D2829440041A8EB /* Debug */ = {
			isa = XCBuildConfiguration;
			buildSettings = {
				BUNDLE_LOADER = "$(TEST_HOST)";
				INFOPLIST_FILE = CalculatorTests/Info.plist;
				LD_RUNPATH_SEARCH_PATHS = "$(inherited) @executable_path/Frameworks @loader_path/Frameworks";
				PRODUCT_BUNDLE_IDENTIFIER = com.vatshal.CalculatorTests;
				PRODUCT_NAME = "$(TARGET_NAME)";
				TEST_HOST = "$(BUILT_PRODUCTS_DIR)/Calculator.app/Calculator";
			};
			name = Debug;
		};
		2CDECBE61D2829440041A8EB /* Release */ = {
			isa = XCBuildConfiguration;
			buildSettings = {
				BUNDLE_LOADER = "$(TEST_HOST)";
				INFOPLIST_FILE = CalculatorTests/Info.plist;
				LD_RUNPATH_SEARCH_PATHS = "$(inherited) @executable_path/Frameworks @loader_path/Frameworks";
				PRODUCT_BUNDLE_IDENTIFIER = com.vatshal.CalculatorTests;
				PRODUCT_NAME = "$(TARGET_NAME)";
				TEST_HOST = "$(BUILT_PRODUCTS_DIR)/Calculator.app/Calculator";
			};
			name = Release;
		};
		2CDECBE81D2829440041A8EB /* Debug */ = {
			isa = XCBuildConfiguration;
			buildSettings = {
				INFOPLIST_FILE = CalculatorUITests/Info.plist;
				LD_RUNPATH_SEARCH_PATHS = "$(inherited) @executable_path/Frameworks @loader_path/Frameworks";
				PRODUCT_BUNDLE_IDENTIFIER = com.vatshal.CalculatorUITests;
				PRODUCT_NAME = "$(TARGET_NAME)";
				TEST_TARGET_NAME = Calculator;
			};
			name = Debug;
		};
		2CDECBE91D2829440041A8EB /* Release */ = {
			isa = XCBuildConfiguration;
			buildSettings = {
				INFOPLIST_FILE = CalculatorUITests/Info.plist;
				LD_RUNPATH_SEARCH_PATHS = "$(inherited) @executable_path/Frameworks @loader_path/Frameworks";
				PRODUCT_BUNDLE_IDENTIFIER = com.vatshal.CalculatorUITests;
				PRODUCT_NAME = "$(TARGET_NAME)";
				TEST_TARGET_NAME = Calculator;
			};
			name = Release;
		};
/* End XCBuildConfiguration section */

/* Begin XCConfigurationList section */
		2CDECBB41D2829440041A8EB /* Build configuration list for PBXProject "Calculator" */ = {
			isa = XCConfigurationList;
			buildConfigurations = (
				2CDECBDF1D2829440041A8EB /* Debug */,
				2CDECBE01D2829440041A8EB /* Release */,
			);
			defaultConfigurationIsVisible = 0;
			defaultConfigurationName = Release;
		};
		2CDECBE11D2829440041A8EB /* Build configuration list for PBXNativeTarget "Calculator" */ = {
			isa = XCConfigurationList;
			buildConfigurations = (
				2CDECBE21D2829440041A8EB /* Debug */,
				2CDECBE31D2829440041A8EB /* Release */,
			);
			defaultConfigurationIsVisible = 0;
		};
		2CDECBE41D2829440041A8EB /* Build configuration list for PBXNativeTarget "CalculatorTests" */ = {
			isa = XCConfigurationList;
			buildConfigurations = (
				2CDECBE51D2829440041A8EB /* Debug */,
				2CDECBE61D2829440041A8EB /* Release */,
			);
			defaultConfigurationIsVisible = 0;
		};
		2CDECBE71D2829440041A8EB /* Build configuration list for PBXNativeTarget "CalculatorUITests" */ = {
			isa = XCConfigurationList;
			buildConfigurations = (
				2CDECBE81D2829440041A8EB /* Debug */,
				2CDECBE91D2829440041A8EB /* Release */,
			);
			defaultConfigurationIsVisible = 0;
		};
/* End XCConfigurationList section */
	};
	rootObject = 2CDECBB11D2829440041A8EB /* Project object */;
}
